# This file is generated by running "yarn install" inside your project.
# Manual changes might be lost - proceed with caution!

__metadata:
  version: 4

"fbt-cra-typescript-installer@workspace:.":
  version: 0.0.0-use.local
  resolution: "fbt-cra-typescript-installer@workspace:."
  languageName: unknown
  linkType: soft
